PODS:
  - AnimatedTextInput (0.6.1)
  - FBSnapshotTestCase (2.1.4):
    - FBSnapshotTestCase/SwiftSupport (= 2.1.4)
  - FBSnapshotTestCase/Core (2.1.4)
  - FBSnapshotTestCase/SwiftSupport (2.1.4):
    - FBSnapshotTestCase/Core
  - KIF (3.6.0):
    - KIF/Core (= 3.6.0)
  - KIF/Core (3.6.0)

DEPENDENCIES:
  - AnimatedTextInput (from `../`)
  - FBSnapshotTestCase
  - KIF (~> 3.5)

SPEC REPOS:
  https://github.com/cocoapods/specs.git:
    - FBSnapshotTestCase
    - KIF

EXTERNAL SOURCES:
  AnimatedTextInput:
    :path: "../"

SPEC CHECKSUMS:
  AnimatedTextInput: 1b20c8f2784b82aff2cd7b3b34fd809ff140b68a
  FBSnapshotTestCase: 094f9f314decbabe373b87cc339bea235a63e07a
  KIF: bd770edd8ce49bc7308501e4871e58a02d137be3

PODFILE CHECKSUM: 4c7cc63fabd4a9e7afc203ee60bd7c56aaf2c110

COCOAPODS: 1.6.1
